
Microsoft Visual Studio Solution File, Format Version 12.00
# Visual Studio 14
VisualStudioVersion = 14.0.25123.0
MinimumVisualStudioVersion = 10.0.40219.1
Project("{2150E333-8FDC-42A3-9474-1A3956D46DE8}") = "src", "src", "{ED77CE66-0535-4121-829B-D93B61A686D5}"
EndProject
Project("{2150E333-8FDC-42A3-9474-1A3956D46DE8}") = "Solution Items", "Solution Items", "{B1BF5100-BF6E-4A79-856F-1B2AFCD9A158}"
	ProjectSection(SolutionItems) = preProject
		global.json = global.json
	EndProjectSection
EndProject
Project("{8BB2217D-0F2D-49D1-97BC-3654ED321F3B}") = "Sixeyed.HadoopDotNet.Core.Mapper", "src\Sixeyed.HadoopDotNet.Core.Mapper\Sixeyed.HadoopDotNet.Core.Mapper.xproj", "{41E42747-44FB-4969-9D7C-4DF89C343AD2}"
EndProject
Project("{8BB2217D-0F2D-49D1-97BC-3654ED321F3B}") = "Sixeyed.HadoopDotNet.Core.Reducer", "src\Sixeyed.HadoopDotNet.Core.Reducer\Sixeyed.HadoopDotNet.Core.Reducer.xproj", "{68DC6AB4-98EC-4849-883D-8A921676160E}"
EndProject
Global
	GlobalSection(SolutionConfigurationPlatforms) = preSolution
		Debug|Any CPU = Debug|Any CPU
		Release|Any CPU = Release|Any CPU
	EndGlobalSection
	GlobalSection(ProjectConfigurationPlatforms) = postSolution
		{41E42747-44FB-4969-9D7C-4DF89C343AD2}.Debug|Any CPU.ActiveCfg = Debug|Any CPU
		{41E42747-44FB-4969-9D7C-4DF89C343AD2}.Debug|Any CPU.Build.0 = Debug|Any CPU
		{41E42747-44FB-4969-9D7C-4DF89C343AD2}.Release|Any CPU.ActiveCfg = Release|Any CPU
		{41E42747-44FB-4969-9D7C-4DF89C343AD2}.Release|Any CPU.Build.0 = Release|Any CPU
		{68DC6AB4-98EC-4849-883D-8A921676160E}.Debug|Any CPU.ActiveCfg = Debug|Any CPU
		{68DC6AB4-98EC-4849-883D-8A921676160E}.Debug|Any CPU.Build.0 = Debug|Any CPU
		{68DC6AB4-98EC-4849-883D-8A921676160E}.Release|Any CPU.ActiveCfg = Release|Any CPU
		{68DC6AB4-98EC-4849-883D-8A921676160E}.Release|Any CPU.Build.0 = Release|Any CPU
	EndGlobalSection
	GlobalSection(SolutionProperties) = preSolution
		HideSolutionNode = FALSE
	EndGlobalSection
	GlobalSection(NestedProjects) = preSolution
		{41E42747-44FB-4969-9D7C-4DF89C343AD2} = {ED77CE66-0535-4121-829B-D93B61A686D5}
		{68DC6AB4-98EC-4849-883D-8A921676160E} = {ED77CE66-0535-4121-829B-D93B61A686D5}
	EndGlobalSection
EndGlobal
